
Microsoft Visual Studio Solution File, Format Version 10.00
# Visual Studio 2008
Project("{FAE04EC0-301F-11D3-BF4B-00C04F79EFBC}") = "GGCMobileNET", "GGCMobileNET\GGCMobileNET.csproj", "{BD3B69D2-8A03-405C-AD98-9646F0BB1EF8}"
	ProjectSection(ProjectDependencies) = postProject
		{224A6F49-EAAB-41F8-8B2D-7A1DB8BE8753} = {224A6F49-EAAB-41F8-8B2D-7A1DB8BE8753}
	EndProjectSection
EndProject
Project("{FAE04EC0-301F-11D3-BF4B-00C04F79EFBC}") = "GGCMobileNET.Data", "GGCMobileNET.Data\GGCMobileNET.Data.csproj", "{224A6F49-EAAB-41F8-8B2D-7A1DB8BE8753}"
EndProject
Global
	GlobalSection(SolutionConfigurationPlatforms) = preSolution
		Debug|Any CPU = Debug|Any CPU
		Release|Any CPU = Release|Any CPU
	EndGlobalSection
	GlobalSection(ProjectConfigurationPlatforms) = postSolution
		{BD3B69D2-8A03-405C-AD98-9646F0BB1EF8}.Debug|Any CPU.ActiveCfg = Debug|Any CPU
		{BD3B69D2-8A03-405C-AD98-9646F0BB1EF8}.Debug|Any CPU.Build.0 = Debug|Any CPU
		{BD3B69D2-8A03-405C-AD98-9646F0BB1EF8}.Debug|Any CPU.Deploy.0 = Debug|Any CPU
		{BD3B69D2-8A03-405C-AD98-9646F0BB1EF8}.Release|Any CPU.ActiveCfg = Release|Any CPU
		{BD3B69D2-8A03-405C-AD98-9646F0BB1EF8}.Release|Any CPU.Build.0 = Release|Any CPU
		{BD3B69D2-8A03-405C-AD98-9646F0BB1EF8}.Release|Any CPU.Deploy.0 = Release|Any CPU
		{224A6F49-EAAB-41F8-8B2D-7A1DB8BE8753}.Debug|Any CPU.ActiveCfg = Debug|Any CPU
		{224A6F49-EAAB-41F8-8B2D-7A1DB8BE8753}.Debug|Any CPU.Build.0 = Debug|Any CPU
		{224A6F49-EAAB-41F8-8B2D-7A1DB8BE8753}.Release|Any CPU.ActiveCfg = Release|Any CPU
		{224A6F49-EAAB-41F8-8B2D-7A1DB8BE8753}.Release|Any CPU.Build.0 = Release|Any CPU
	EndGlobalSection
	GlobalSection(SolutionProperties) = preSolution
		HideSolutionNode = FALSE
	EndGlobalSection
EndGlobal
